
Microsoft Visual Studio Solution File, Format Version 12.00
# Visual Studio 15
VisualStudioVersion = 15.0.28010.2048
MinimumVisualStudioVersion = 10.0.40219.1
Project("{FAE04EC0-301F-11D3-BF4B-00C04F79EFBC}") = "Arrays_and_Lists_Practice", "Arrays_and_Lists_Practice\Arrays_and_Lists_Practice.csproj", "{0F846423-C6C1-474B-A623-F45499E679BF}"
EndProject
Global
	GlobalSection(SolutionConfigurationPlatforms) = preSolution
		Debug|Any CPU = Debug|Any CPU
		Release|Any CPU = Release|Any CPU
	EndGlobalSection
	GlobalSection(ProjectConfigurationPlatforms) = postSolution
		{0F846423-C6C1-474B-A623-F45499E679BF}.Debug|Any CPU.ActiveCfg = Debug|Any CPU
		{0F846423-C6C1-474B-A623-F45499E679BF}.Debug|Any CPU.Build.0 = Debug|Any CPU
		{0F846423-C6C1-474B-A623-F45499E679BF}.Release|Any CPU.ActiveCfg = Release|Any CPU
		{0F846423-C6C1-474B-A623-F45499E679BF}.Release|Any CPU.Build.0 = Release|Any CPU
	EndGlobalSection
	GlobalSection(SolutionProperties) = preSolution
		HideSolutionNode = FALSE
	EndGlobalSection
	GlobalSection(ExtensibilityGlobals) = postSolution
		SolutionGuid = {0CD9C0FD-9E22-4070-B640-F1E34A083EB9}
	EndGlobalSection
EndGlobal
