
Microsoft Visual Studio Solution File, Format Version 12.00
# Visual Studio 15
VisualStudioVersion = 15.0.28010.2048
MinimumVisualStudioVersion = 10.0.40219.1
Project("{FAE04EC0-301F-11D3-BF4B-00C04F79EFBC}") = "Abstract_Inheritance_124", "Abstract_Inheritance_124\Abstract_Inheritance_124.csproj", "{E1D6408F-7CDF-4F07-BBB5-2C42A73A2214}"
EndProject
Global
	GlobalSection(SolutionConfigurationPlatforms) = preSolution
		Debug|Any CPU = Debug|Any CPU
		Release|Any CPU = Release|Any CPU
	EndGlobalSection
	GlobalSection(ProjectConfigurationPlatforms) = postSolution
		{E1D6408F-7CDF-4F07-BBB5-2C42A73A2214}.Debug|Any CPU.ActiveCfg = Debug|Any CPU
		{E1D6408F-7CDF-4F07-BBB5-2C42A73A2214}.Debug|Any CPU.Build.0 = Debug|Any CPU
		{E1D6408F-7CDF-4F07-BBB5-2C42A73A2214}.Release|Any CPU.ActiveCfg = Release|Any CPU
		{E1D6408F-7CDF-4F07-BBB5-2C42A73A2214}.Release|Any CPU.Build.0 = Release|Any CPU
	EndGlobalSection
	GlobalSection(SolutionProperties) = preSolution
		HideSolutionNode = FALSE
	EndGlobalSection
	GlobalSection(ExtensibilityGlobals) = postSolution
		SolutionGuid = {6F69D53C-CB4D-442B-9361-458B0C99F3AC}
	EndGlobalSection
EndGlobal
