
Microsoft Visual Studio Solution File, Format Version 12.00
# Visual Studio 15
VisualStudioVersion = 15.0.28010.2048
MinimumVisualStudioVersion = 10.0.40219.1
Project("{FAE04EC0-301F-11D3-BF4B-00C04F79EFBC}") = "Loops_Practice", "Loops_Practice\Loops_Practice.csproj", "{803A6DF8-3F66-48B3-A6E5-87B836A2B2C5}"
EndProject
Global
	GlobalSection(SolutionConfigurationPlatforms) = preSolution
		Debug|Any CPU = Debug|Any CPU
		Release|Any CPU = Release|Any CPU
	EndGlobalSection
	GlobalSection(ProjectConfigurationPlatforms) = postSolution
		{803A6DF8-3F66-48B3-A6E5-87B836A2B2C5}.Debug|Any CPU.ActiveCfg = Debug|Any CPU
		{803A6DF8-3F66-48B3-A6E5-87B836A2B2C5}.Debug|Any CPU.Build.0 = Debug|Any CPU
		{803A6DF8-3F66-48B3-A6E5-87B836A2B2C5}.Release|Any CPU.ActiveCfg = Release|Any CPU
		{803A6DF8-3F66-48B3-A6E5-87B836A2B2C5}.Release|Any CPU.Build.0 = Release|Any CPU
	EndGlobalSection
	GlobalSection(SolutionProperties) = preSolution
		HideSolutionNode = FALSE
	EndGlobalSection
	GlobalSection(ExtensibilityGlobals) = postSolution
		SolutionGuid = {10D5AAE6-C4CB-4859-95AA-44EECD78C07A}
	EndGlobalSection
EndGlobal
