
Microsoft Visual Studio Solution File, Format Version 12.00
# Visual Studio 15
VisualStudioVersion = 15.0.28010.2048
MinimumVisualStudioVersion = 10.0.40219.1
Project("{FAE04EC0-301F-11D3-BF4B-00C04F79EFBC}") = "Methods_and_Classes_117", "Methods_and_Classes_117\Methods_and_Classes_117.csproj", "{F791D4EB-1089-4EEE-AD04-C1E2AD2B54D5}"
EndProject
Global
	GlobalSection(SolutionConfigurationPlatforms) = preSolution
		Debug|Any CPU = Debug|Any CPU
		Release|Any CPU = Release|Any CPU
	EndGlobalSection
	GlobalSection(ProjectConfigurationPlatforms) = postSolution
		{F791D4EB-1089-4EEE-AD04-C1E2AD2B54D5}.Debug|Any CPU.ActiveCfg = Debug|Any CPU
		{F791D4EB-1089-4EEE-AD04-C1E2AD2B54D5}.Debug|Any CPU.Build.0 = Debug|Any CPU
		{F791D4EB-1089-4EEE-AD04-C1E2AD2B54D5}.Release|Any CPU.ActiveCfg = Release|Any CPU
		{F791D4EB-1089-4EEE-AD04-C1E2AD2B54D5}.Release|Any CPU.Build.0 = Release|Any CPU
	EndGlobalSection
	GlobalSection(SolutionProperties) = preSolution
		HideSolutionNode = FALSE
	EndGlobalSection
	GlobalSection(ExtensibilityGlobals) = postSolution
		SolutionGuid = {D7B6FE83-1AB5-4F2A-920C-85A1EE1B7252}
	EndGlobalSection
EndGlobal
